PODS:
  - Alamofire (5.0.0-rc.3)
  - SwiftIcons (2.3.2)
  - SwiftKeychainWrapper (3.4.0)

DEPENDENCIES:
  - Alamofire (~> 5.0.0-rc.3)
  - SwiftIcons (~> 2.3.2)
  - SwiftKeychainWrapper

SPEC REPOS:
  trunk:
    - Alamofire
    - SwiftIcons
    - SwiftKeychainWrapper

SPEC CHECKSUMS:
  Alamofire: ca8c0de6906873be89d6deec5c8de279e00bf872
  SwiftIcons: e652cfd2676441c462ad57b6e92977faf577e590
  SwiftKeychainWrapper: 6fc49fbf7d4a6b0772917acb0e53a1639f6078d6

PODFILE CHECKSUM: 5ba30b6e5b078d2ff86695b368e934a55424ebd0

COCOAPODS: 1.8.4
