// !$*UTF8*$!
{
	archiveVersion = 1;
	classes = {
	};
	objectVersion = 50;
	objects = {

/* Begin PBXBuildFile section */
		68674E8A23DD038500A527E3 /* AppDelegate.swift in Sources */ = {isa = PBXBuildFile; fileRef = 68674E8923DD038500A527E3 /* AppDelegate.swift */; };
		68674E8C23DD038500A527E3 /* SceneDelegate.swift in Sources */ = {isa = PBXBuildFile; fileRef = 68674E8B23DD038500A527E3 /* SceneDelegate.swift */; };
		68674E8E23DD038500A527E3 /* LoginViewController.swift in Sources */ = {isa = PBXBuildFile; fileRef = 68674E8D23DD038500A527E3 /* LoginViewController.swift */; };
		68674E9323DD038600A527E3 /* Assets.xcassets in Resources */ = {isa = PBXBuildFile; fileRef = 68674E9223DD038600A527E3 /* Assets.xcassets */; };
		68674E9E23DD0AF400A527E3 /* AuthenticationSettings.swift in Sources */ = {isa = PBXBuildFile; fileRef = 68674E9D23DD0AF400A527E3 /* AuthenticationSettings.swift */; };
		68BB31F923DD1D0400E22E6C /* OAuth2.framework in Frameworks */ = {isa = PBXBuildFile; fileRef = 68BB31E123DD1BCB00E22E6C /* OAuth2.framework */; };
		68BB31FA23DD1D0400E22E6C /* OAuth2.framework in Embed Frameworks */ = {isa = PBXBuildFile; fileRef = 68BB31E123DD1BCB00E22E6C /* OAuth2.framework */; settings = {ATTRIBUTES = (CodeSignOnCopy, RemoveHeadersOnCopy, ); }; };
		68BB320023DD24BA00E22E6C /* MainTabBarController.swift in Sources */ = {isa = PBXBuildFile; fileRef = 68BB31FD23DD24BA00E22E6C /* MainTabBarController.swift */; };
		68BB321523DD24C800E22E6C /* ImageCache.swift in Sources */ = {isa = PBXBuildFile; fileRef = 68BB320423DD24C800E22E6C /* ImageCache.swift */; };
		68BB321623DD24C800E22E6C /* Colors.swift in Sources */ = {isa = PBXBuildFile; fileRef = 68BB320523DD24C800E22E6C /* Colors.swift */; };
		68BB321723DD24C800E22E6C /* LoginView.swift in Sources */ = {isa = PBXBuildFile; fileRef = 68BB320723DD24C800E22E6C /* LoginView.swift */; };
		68BB321823DD24C800E22E6C /* LaunchScreen.storyboard in Resources */ = {isa = PBXBuildFile; fileRef = 68BB320823DD24C800E22E6C /* LaunchScreen.storyboard */; };
		68BB321C23DD24C800E22E6C /* BaseView.swift in Sources */ = {isa = PBXBuildFile; fileRef = 68BB320D23DD24C800E22E6C /* BaseView.swift */; };
		68BB321D23DD24C800E22E6C /* UIView.swift in Sources */ = {isa = PBXBuildFile; fileRef = 68BB320F23DD24C800E22E6C /* UIView.swift */; };
		68BB321E23DD24C800E22E6C /* UIColor.swift in Sources */ = {isa = PBXBuildFile; fileRef = 68BB321023DD24C800E22E6C /* UIColor.swift */; };
		68BB321F23DD24C800E22E6C /* UIImageView.swift in Sources */ = {isa = PBXBuildFile; fileRef = 68BB321123DD24C800E22E6C /* UIImageView.swift */; };
		68BB322023DD24C800E22E6C /* CMTime.swift in Sources */ = {isa = PBXBuildFile; fileRef = 68BB321223DD24C800E22E6C /* CMTime.swift */; };
		68BB322123DD24C800E22E6C /* User.swift in Sources */ = {isa = PBXBuildFile; fileRef = 68BB321423DD24C800E22E6C /* User.swift */; };
		68BB322823DD3A1700E22E6C /* Authentication.swift in Sources */ = {isa = PBXBuildFile; fileRef = 68BB322723DD3A1700E22E6C /* Authentication.swift */; };
		68BB322A23DD417800E22E6C /* HomeView.swift in Sources */ = {isa = PBXBuildFile; fileRef = 68BB322923DD417800E22E6C /* HomeView.swift */; };
		68BB322C23DD41B700E22E6C /* HomeViewController.swift in Sources */ = {isa = PBXBuildFile; fileRef = 68BB322B23DD41B700E22E6C /* HomeViewController.swift */; };
		68BB322E23DD4A0500E22E6C /* UserProfile.swift in Sources */ = {isa = PBXBuildFile; fileRef = 68BB322D23DD4A0500E22E6C /* UserProfile.swift */; };
/* End PBXBuildFile section */

/* Begin PBXContainerItemProxy section */
		68BB31DE23DD1BCB00E22E6C /* PBXContainerItemProxy */ = {
			isa = PBXContainerItemProxy;
			containerPortal = 68BB31D723DD1BCA00E22E6C /* OAuth2.xcodeproj */;
			proxyType = 2;
			remoteGlobalIDString = EEE209471942772800736F1A;
			remoteInfo = OAuth2macOS;
		};
		68BB31E023DD1BCB00E22E6C /* PBXContainerItemProxy */ = {
			isa = PBXContainerItemProxy;
			containerPortal = 68BB31D723DD1BCA00E22E6C /* OAuth2.xcodeproj */;
			proxyType = 2;
			remoteGlobalIDString = EEDB8624193FAAE500C4EEA1;
			remoteInfo = OAuth2iOS;
		};
		68BB31E223DD1BCB00E22E6C /* PBXContainerItemProxy */ = {
			isa = PBXContainerItemProxy;
			containerPortal = 68BB31D723DD1BCA00E22E6C /* OAuth2.xcodeproj */;
			proxyType = 2;
			remoteGlobalIDString = 659854461C5B3BEA00237D39;
			remoteInfo = OAuth2tvOS;
		};
		68BB31E423DD1BCB00E22E6C /* PBXContainerItemProxy */ = {
			isa = PBXContainerItemProxy;
			containerPortal = 68BB31D723DD1BCA00E22E6C /* OAuth2.xcodeproj */;
			proxyType = 2;
			remoteGlobalIDString = EEE209A219427DFE00736F1A;
			remoteInfo = OAuth2Tests;
		};
/* End PBXContainerItemProxy section */

/* Begin PBXCopyFilesBuildPhase section */
		68BB31FB23DD1D0400E22E6C /* Embed Frameworks */ = {
			isa = PBXCopyFilesBuildPhase;
			buildActionMask = 2147483647;
			dstPath = "";
			dstSubfolderSpec = 10;
			files = (
				68BB31FA23DD1D0400E22E6C /* OAuth2.framework in Embed Frameworks */,
			);
			name = "Embed Frameworks";
			runOnlyForDeploymentPostprocessing = 0;
		};
/* End PBXCopyFilesBuildPhase section */

/* Begin PBXFileReference section */
		68674E8623DD038500A527E3 /* DeepRecognition.app */ = {isa = PBXFileReference; explicitFileType = wrapper.application; includeInIndex = 0; path = DeepRecognition.app; sourceTree = BUILT_PRODUCTS_DIR; };
		68674E8923DD038500A527E3 /* AppDelegate.swift */ = {isa = PBXFileReference; lastKnownFileType = sourcecode.swift; path = AppDelegate.swift; sourceTree = "<group>"; };
		68674E8B23DD038500A527E3 /* SceneDelegate.swift */ = {isa = PBXFileReference; lastKnownFileType = sourcecode.swift; path = SceneDelegate.swift; sourceTree = "<group>"; };
		68674E8D23DD038500A527E3 /* LoginViewController.swift */ = {isa = PBXFileReference; lastKnownFileType = sourcecode.swift; path = LoginViewController.swift; sourceTree = "<group>"; };
		68674E9223DD038600A527E3 /* Assets.xcassets */ = {isa = PBXFileReference; lastKnownFileType = folder.assetcatalog; path = Assets.xcassets; sourceTree = "<group>"; };
		68674E9723DD038600A527E3 /* Info.plist */ = {isa = PBXFileReference; lastKnownFileType = text.plist.xml; path = Info.plist; sourceTree = "<group>"; };
		68674E9D23DD0AF400A527E3 /* AuthenticationSettings.swift */ = {isa = PBXFileReference; lastKnownFileType = sourcecode.swift; path = AuthenticationSettings.swift; sourceTree = "<group>"; };
		68BB31D723DD1BCA00E22E6C /* OAuth2.xcodeproj */ = {isa = PBXFileReference; lastKnownFileType = "wrapper.pb-project"; name = OAuth2.xcodeproj; path = OAuth2/OAuth2.xcodeproj; sourceTree = "<group>"; };
		68BB31FD23DD24BA00E22E6C /* MainTabBarController.swift */ = {isa = PBXFileReference; fileEncoding = 4; lastKnownFileType = sourcecode.swift; path = MainTabBarController.swift; sourceTree = "<group>"; };
		68BB320423DD24C800E22E6C /* ImageCache.swift */ = {isa = PBXFileReference; fileEncoding = 4; lastKnownFileType = sourcecode.swift; path = ImageCache.swift; sourceTree = "<group>"; };
		68BB320523DD24C800E22E6C /* Colors.swift */ = {isa = PBXFileReference; fileEncoding = 4; lastKnownFileType = sourcecode.swift; path = Colors.swift; sourceTree = "<group>"; };
		68BB320723DD24C800E22E6C /* LoginView.swift */ = {isa = PBXFileReference; fileEncoding = 4; lastKnownFileType = sourcecode.swift; path = LoginView.swift; sourceTree = "<group>"; };
		68BB320923DD24C800E22E6C /* Base */ = {isa = PBXFileReference; lastKnownFileType = file.storyboard; name = Base; path = Base.lproj/LaunchScreen.storyboard; sourceTree = "<group>"; };
		68BB320D23DD24C800E22E6C /* BaseView.swift */ = {isa = PBXFileReference; fileEncoding = 4; lastKnownFileType = sourcecode.swift; path = BaseView.swift; sourceTree = "<group>"; };
		68BB320F23DD24C800E22E6C /* UIView.swift */ = {isa = PBXFileReference; fileEncoding = 4; lastKnownFileType = sourcecode.swift; path = UIView.swift; sourceTree = "<group>"; };
		68BB321023DD24C800E22E6C /* UIColor.swift */ = {isa = PBXFileReference; fileEncoding = 4; lastKnownFileType = sourcecode.swift; path = UIColor.swift; sourceTree = "<group>"; };
		68BB321123DD24C800E22E6C /* UIImageView.swift */ = {isa = PBXFileReference; fileEncoding = 4; lastKnownFileType = sourcecode.swift; path = UIImageView.swift; sourceTree = "<group>"; };
		68BB321223DD24C800E22E6C /* CMTime.swift */ = {isa = PBXFileReference; fileEncoding = 4; lastKnownFileType = sourcecode.swift; path = CMTime.swift; sourceTree = "<group>"; };
		68BB321423DD24C800E22E6C /* User.swift */ = {isa = PBXFileReference; fileEncoding = 4; lastKnownFileType = sourcecode.swift; path = User.swift; sourceTree = "<group>"; };
		68BB322723DD3A1700E22E6C /* Authentication.swift */ = {isa = PBXFileReference; lastKnownFileType = sourcecode.swift; path = Authentication.swift; sourceTree = "<group>"; };
		68BB322923DD417800E22E6C /* HomeView.swift */ = {isa = PBXFileReference; lastKnownFileType = sourcecode.swift; path = HomeView.swift; sourceTree = "<group>"; };
		68BB322B23DD41B700E22E6C /* HomeViewController.swift */ = {isa = PBXFileReference; lastKnownFileType = sourcecode.swift; path = HomeViewController.swift; sourceTree = "<group>"; };
		68BB322D23DD4A0500E22E6C /* UserProfile.swift */ = {isa = PBXFileReference; lastKnownFileType = sourcecode.swift; path = UserProfile.swift; sourceTree = "<group>"; };
/* End PBXFileReference section */

/* Begin PBXFrameworksBuildPhase section */
		68674E8323DD038500A527E3 /* Frameworks */ = {
			isa = PBXFrameworksBuildPhase;
			buildActionMask = 2147483647;
			files = (
				68BB31F923DD1D0400E22E6C /* OAuth2.framework in Frameworks */,
			);
			runOnlyForDeploymentPostprocessing = 0;
		};
/* End PBXFrameworksBuildPhase section */

/* Begin PBXGroup section */
		68674E7D23DD038500A527E3 = {
			isa = PBXGroup;
			children = (
				68674E8823DD038500A527E3 /* DeepRecognition */,
				68674E8723DD038500A527E3 /* Products */,
				68BB31E823DD1BFE00E22E6C /* Frameworks */,
				68BB31D723DD1BCA00E22E6C /* OAuth2.xcodeproj */,
			);
			sourceTree = "<group>";
		};
		68674E8723DD038500A527E3 /* Products */ = {
			isa = PBXGroup;
			children = (
				68674E8623DD038500A527E3 /* DeepRecognition.app */,
			);
			name = Products;
			sourceTree = "<group>";
		};
		68674E8823DD038500A527E3 /* DeepRecognition */ = {
			isa = PBXGroup;
			children = (
				68BB321323DD24C800E22E6C /* Models */,
				68BB320623DD24C800E22E6C /* Views */,
				68BB31FC23DD233200E22E6C /* Controllers */,
				68BB320E23DD24C800E22E6C /* Extensions */,
				68BB320323DD24C800E22E6C /* Utils */,
				68674E8923DD038500A527E3 /* AppDelegate.swift */,
				68674E8B23DD038500A527E3 /* SceneDelegate.swift */,
				68674E9223DD038600A527E3 /* Assets.xcassets */,
				68674E9723DD038600A527E3 /* Info.plist */,
			);
			path = DeepRecognition;
			sourceTree = "<group>";
		};
		68BB31D823DD1BCA00E22E6C /* Products */ = {
			isa = PBXGroup;
			children = (
				68BB31DF23DD1BCB00E22E6C /* OAuth2.framework */,
				68BB31E123DD1BCB00E22E6C /* OAuth2.framework */,
				68BB31E323DD1BCB00E22E6C /* OAuth2.framework */,
				68BB31E523DD1BCB00E22E6C /* OAuth2Tests.xctest */,
			);
			name = Products;
			sourceTree = "<group>";
		};
		68BB31E823DD1BFE00E22E6C /* Frameworks */ = {
			isa = PBXGroup;
			children = (
			);
			name = Frameworks;
			sourceTree = "<group>";
		};
		68BB31FC23DD233200E22E6C /* Controllers */ = {
			isa = PBXGroup;
			children = (
				68674E8D23DD038500A527E3 /* LoginViewController.swift */,
				68BB31FD23DD24BA00E22E6C /* MainTabBarController.swift */,
				68BB322B23DD41B700E22E6C /* HomeViewController.swift */,
			);
			path = Controllers;
			sourceTree = "<group>";
		};
		68BB320323DD24C800E22E6C /* Utils */ = {
			isa = PBXGroup;
			children = (
				68BB322723DD3A1700E22E6C /* Authentication.swift */,
				68BB320423DD24C800E22E6C /* ImageCache.swift */,
				68BB320523DD24C800E22E6C /* Colors.swift */,
			);
			path = Utils;
			sourceTree = "<group>";
		};
		68BB320623DD24C800E22E6C /* Views */ = {
			isa = PBXGroup;
			children = (
				68BB320823DD24C800E22E6C /* LaunchScreen.storyboard */,
				68BB320D23DD24C800E22E6C /* BaseView.swift */,
				68BB320723DD24C800E22E6C /* LoginView.swift */,
				68BB322923DD417800E22E6C /* HomeView.swift */,
			);
			path = Views;
			sourceTree = "<group>";
		};
		68BB320E23DD24C800E22E6C /* Extensions */ = {
			isa = PBXGroup;
			children = (
				68BB320F23DD24C800E22E6C /* UIView.swift */,
				68BB321023DD24C800E22E6C /* UIColor.swift */,
				68BB321123DD24C800E22E6C /* UIImageView.swift */,
				68BB321223DD24C800E22E6C /* CMTime.swift */,
			);
			path = Extensions;
			sourceTree = "<group>";
		};
		68BB321323DD24C800E22E6C /* Models */ = {
			isa = PBXGroup;
			children = (
				68674E9D23DD0AF400A527E3 /* AuthenticationSettings.swift */,
				68BB321423DD24C800E22E6C /* User.swift */,
				68BB322D23DD4A0500E22E6C /* UserProfile.swift */,
			);
			path = Models;
			sourceTree = "<group>";
		};
/* End PBXGroup section */

/* Begin PBXNativeTarget section */
		68674E8523DD038500A527E3 /* DeepRecognition */ = {
			isa = PBXNativeTarget;
			buildConfigurationList = 68674E9A23DD038600A527E3 /* Build configuration list for PBXNativeTarget "DeepRecognition" */;
			buildPhases = (
				68674E8223DD038500A527E3 /* Sources */,
				68674E8323DD038500A527E3 /* Frameworks */,
				68674E8423DD038500A527E3 /* Resources */,
				68BB31FB23DD1D0400E22E6C /* Embed Frameworks */,
			);
			buildRules = (
			);
			dependencies = (
			);
			name = DeepRecognition;
			productName = DeepRecognition;
			productReference = 68674E8623DD038500A527E3 /* DeepRecognition.app */;
			productType = "com.apple.product-type.application";
		};
/* End PBXNativeTarget section */

/* Begin PBXProject section */
		68674E7E23DD038500A527E3 /* Project object */ = {
			isa = PBXProject;
			attributes = {
				LastSwiftUpdateCheck = 1130;
				LastUpgradeCheck = 1130;
				ORGANIZATIONNAME = "Kyle Thompson";
				TargetAttributes = {
					68674E8523DD038500A527E3 = {
						CreatedOnToolsVersion = 11.3.1;
					};
				};
			};
			buildConfigurationList = 68674E8123DD038500A527E3 /* Build configuration list for PBXProject "DeepRecognition" */;
			compatibilityVersion = "Xcode 9.3";
			developmentRegion = en;
			hasScannedForEncodings = 0;
			knownRegions = (
				en,
				Base,
			);
			mainGroup = 68674E7D23DD038500A527E3;
			productRefGroup = 68674E8723DD038500A527E3 /* Products */;
			projectDirPath = "";
			projectReferences = (
				{
					ProductGroup = 68BB31D823DD1BCA00E22E6C /* Products */;
					ProjectRef = 68BB31D723DD1BCA00E22E6C /* OAuth2.xcodeproj */;
				},
			);
			projectRoot = "";
			targets = (
				68674E8523DD038500A527E3 /* DeepRecognition */,
			);
		};
/* End PBXProject section */

/* Begin PBXReferenceProxy section */
		68BB31DF23DD1BCB00E22E6C /* OAuth2.framework */ = {
			isa = PBXReferenceProxy;
			fileType = wrapper.framework;
			path = OAuth2.framework;
			remoteRef = 68BB31DE23DD1BCB00E22E6C /* PBXContainerItemProxy */;
			sourceTree = BUILT_PRODUCTS_DIR;
		};
		68BB31E123DD1BCB00E22E6C /* OAuth2.framework */ = {
			isa = PBXReferenceProxy;
			fileType = wrapper.framework;
			path = OAuth2.framework;
			remoteRef = 68BB31E023DD1BCB00E22E6C /* PBXContainerItemProxy */;
			sourceTree = BUILT_PRODUCTS_DIR;
		};
		68BB31E323DD1BCB00E22E6C /* OAuth2.framework */ = {
			isa = PBXReferenceProxy;
			fileType = wrapper.framework;
			path = OAuth2.framework;
			remoteRef = 68BB31E223DD1BCB00E22E6C /* PBXContainerItemProxy */;
			sourceTree = BUILT_PRODUCTS_DIR;
		};
		68BB31E523DD1BCB00E22E6C /* OAuth2Tests.xctest */ = {
			isa = PBXReferenceProxy;
			fileType = wrapper.cfbundle;
			path = OAuth2Tests.xctest;
			remoteRef = 68BB31E423DD1BCB00E22E6C /* PBXContainerItemProxy */;
			sourceTree = BUILT_PRODUCTS_DIR;
		};
/* End PBXReferenceProxy section */

/* Begin PBXResourcesBuildPhase section */
		68674E8423DD038500A527E3 /* Resources */ = {
			isa = PBXResourcesBuildPhase;
			buildActionMask = 2147483647;
			files = (
				68BB321823DD24C800E22E6C /* LaunchScreen.storyboard in Resources */,
				68674E9323DD038600A527E3 /* Assets.xcassets in Resources */,
			);
			runOnlyForDeploymentPostprocessing = 0;
		};
/* End PBXResourcesBuildPhase section */

/* Begin PBXSourcesBuildPhase section */
		68674E8223DD038500A527E3 /* Sources */ = {
			isa = PBXSourcesBuildPhase;
			buildActionMask = 2147483647;
			files = (
				68BB321623DD24C800E22E6C /* Colors.swift in Sources */,
				68674E8E23DD038500A527E3 /* LoginViewController.swift in Sources */,
				68BB322823DD3A1700E22E6C /* Authentication.swift in Sources */,
				68BB322C23DD41B700E22E6C /* HomeViewController.swift in Sources */,
				68BB321523DD24C800E22E6C /* ImageCache.swift in Sources */,
				68BB321E23DD24C800E22E6C /* UIColor.swift in Sources */,
				68674E8A23DD038500A527E3 /* AppDelegate.swift in Sources */,
				68BB320023DD24BA00E22E6C /* MainTabBarController.swift in Sources */,
				68BB322E23DD4A0500E22E6C /* UserProfile.swift in Sources */,
				68674E8C23DD038500A527E3 /* SceneDelegate.swift in Sources */,
				68BB321723DD24C800E22E6C /* LoginView.swift in Sources */,
				68BB321D23DD24C800E22E6C /* UIView.swift in Sources */,
				68BB321C23DD24C800E22E6C /* BaseView.swift in Sources */,
				68BB321F23DD24C800E22E6C /* UIImageView.swift in Sources */,
				68BB322023DD24C800E22E6C /* CMTime.swift in Sources */,
				68BB322A23DD417800E22E6C /* HomeView.swift in Sources */,
				68674E9E23DD0AF400A527E3 /* AuthenticationSettings.swift in Sources */,
				68BB322123DD24C800E22E6C /* User.swift in Sources */,
			);
			runOnlyForDeploymentPostprocessing = 0;
		};
/* End PBXSourcesBuildPhase section */

/* Begin PBXVariantGroup section */
		68BB320823DD24C800E22E6C /* LaunchScreen.storyboard */ = {
			isa = PBXVariantGroup;
			children = (
				68BB320923DD24C800E22E6C /* Base */,
			);
			name = LaunchScreen.storyboard;
			sourceTree = "<group>";
		};
/* End PBXVariantGroup section */

/* Begin XCBuildConfiguration section */
		68674E9823DD038600A527E3 /* Debug */ = {
			isa = XCBuildConfiguration;
			buildSettings = {
				ALWAYS_SEARCH_USER_PATHS = NO;
				CLANG_ANALYZER_NONNULL = YES;
				CLANG_ANALYZER_NUMBER_OBJECT_CONVERSION = YES_AGGRESSIVE;
				CLANG_CXX_LANGUAGE_STANDARD = "gnu++14";
				CLANG_CXX_LIBRARY = "libc++";
				CLANG_ENABLE_MODULES = YES;
				CLANG_ENABLE_OBJC_ARC = YES;
				CLANG_ENABLE_OBJC_WEAK = YES;
				CLANG_WARN_BLOCK_CAPTURE_AUTORELEASING = YES;
				CLANG_WARN_BOOL_CONVERSION = YES;
				CLANG_WARN_COMMA = YES;
				CLANG_WARN_CONSTANT_CONVERSION = YES;
				CLANG_WARN_DEPRECATED_OBJC_IMPLEMENTATIONS = YES;
				CLANG_WARN_DIRECT_OBJC_ISA_USAGE = YES_ERROR;
				CLANG_WARN_DOCUMENTATION_COMMENTS = YES;
				CLANG_WARN_EMPTY_BODY = YES;
				CLANG_WARN_ENUM_CONVERSION = YES;
				CLANG_WARN_INFINITE_RECURSION = YES;
				CLANG_WARN_INT_CONVERSION = YES;
				CLANG_WARN_NON_LITERAL_NULL_CONVERSION = YES;
				CLANG_WARN_OBJC_IMPLICIT_RETAIN_SELF = YES;
				CLANG_WARN_OBJC_LITERAL_CONVERSION = YES;
				CLANG_WARN_OBJC_ROOT_CLASS = YES_ERROR;
				CLANG_WARN_RANGE_LOOP_ANALYSIS = YES;
				CLANG_WARN_STRICT_PROTOTYPES = YES;
				CLANG_WARN_SUSPICIOUS_MOVE = YES;
				CLANG_WARN_UNGUARDED_AVAILABILITY = YES_AGGRESSIVE;
				CLANG_WARN_UNREACHABLE_CODE = YES;
				CLANG_WARN__DUPLICATE_METHOD_MATCH = YES;
				COPY_PHASE_STRIP = NO;
				DEBUG_INFORMATION_FORMAT = dwarf;
				ENABLE_STRICT_OBJC_MSGSEND = YES;
				ENABLE_TESTABILITY = YES;
				GCC_C_LANGUAGE_STANDARD = gnu11;
				GCC_DYNAMIC_NO_PIC = NO;
				GCC_NO_COMMON_BLOCKS = YES;
				GCC_OPTIMIZATION_LEVEL = 0;
				GCC_PREPROCESSOR_DEFINITIONS = (
					"DEBUG=1",
					"$(inherited)",
				);
				GCC_WARN_64_TO_32_BIT_CONVERSION = YES;
				GCC_WARN_ABOUT_RETURN_TYPE = YES_ERROR;
				GCC_WARN_UNDECLARED_SELECTOR = YES;
				GCC_WARN_UNINITIALIZED_AUTOS = YES_AGGRESSIVE;
				GCC_WARN_UNUSED_FUNCTION = YES;
				GCC_WARN_UNUSED_VARIABLE = YES;
				IPHONEOS_DEPLOYMENT_TARGET = 13.2;
				MTL_ENABLE_DEBUG_INFO = INCLUDE_SOURCE;
				MTL_FAST_MATH = YES;
				ONLY_ACTIVE_ARCH = YES;
				SDKROOT = iphoneos;
				SWIFT_ACTIVE_COMPILATION_CONDITIONS = DEBUG;
				SWIFT_OPTIMIZATION_LEVEL = "-Onone";
			};
			name = Debug;
		};
		68674E9923DD038600A527E3 /* Release */ = {
			isa = XCBuildConfiguration;
			buildSettings = {
				ALWAYS_SEARCH_USER_PATHS = NO;
				CLANG_ANALYZER_NONNULL = YES;
				CLANG_ANALYZER_NUMBER_OBJECT_CONVERSION = YES_AGGRESSIVE;
				CLANG_CXX_LANGUAGE_STANDARD = "gnu++14";
				CLANG_CXX_LIBRARY = "libc++";
				CLANG_ENABLE_MODULES = YES;
				CLANG_ENABLE_OBJC_ARC = YES;
				CLANG_ENABLE_OBJC_WEAK = YES;
				CLANG_WARN_BLOCK_CAPTURE_AUTORELEASING = YES;
				CLANG_WARN_BOOL_CONVERSION = YES;
				CLANG_WARN_COMMA = YES;
				CLANG_WARN_CONSTANT_CONVERSION = YES;
				CLANG_WARN_DEPRECATED_OBJC_IMPLEMENTATIONS = YES;
				CLANG_WARN_DIRECT_OBJC_ISA_USAGE = YES_ERROR;
				CLANG_WARN_DOCUMENTATION_COMMENTS = YES;
				CLANG_WARN_EMPTY_BODY = YES;
				CLANG_WARN_ENUM_CONVERSION = YES;
				CLANG_WARN_INFINITE_RECURSION = YES;
				CLANG_WARN_INT_CONVERSION = YES;
				CLANG_WARN_NON_LITERAL_NULL_CONVERSION = YES;
				CLANG_WARN_OBJC_IMPLICIT_RETAIN_SELF = YES;
				CLANG_WARN_OBJC_LITERAL_CONVERSION = YES;
				CLANG_WARN_OBJC_ROOT_CLASS = YES_ERROR;
				CLANG_WARN_RANGE_LOOP_ANALYSIS = YES;
				CLANG_WARN_STRICT_PROTOTYPES = YES;
				CLANG_WARN_SUSPICIOUS_MOVE = YES;
				CLANG_WARN_UNGUARDED_AVAILABILITY = YES_AGGRESSIVE;
				CLANG_WARN_UNREACHABLE_CODE = YES;
				CLANG_WARN__DUPLICATE_METHOD_MATCH = YES;
				COPY_PHASE_STRIP = NO;
				DEBUG_INFORMATION_FORMAT = "dwarf-with-dsym";
				ENABLE_NS_ASSERTIONS = NO;
				ENABLE_STRICT_OBJC_MSGSEND = YES;
				GCC_C_LANGUAGE_STANDARD = gnu11;
				GCC_NO_COMMON_BLOCKS = YES;
				GCC_WARN_64_TO_32_BIT_CONVERSION = YES;
				GCC_WARN_ABOUT_RETURN_TYPE = YES_ERROR;
				GCC_WARN_UNDECLARED_SELECTOR = YES;
				GCC_WARN_UNINITIALIZED_AUTOS = YES_AGGRESSIVE;
				GCC_WARN_UNUSED_FUNCTION = YES;
				GCC_WARN_UNUSED_VARIABLE = YES;
				IPHONEOS_DEPLOYMENT_TARGET = 13.2;
				MTL_ENABLE_DEBUG_INFO = NO;
				MTL_FAST_MATH = YES;
				SDKROOT = iphoneos;
				SWIFT_COMPILATION_MODE = wholemodule;
				SWIFT_OPTIMIZATION_LEVEL = "-O";
				VALIDATE_PRODUCT = YES;
			};
			name = Release;
		};
		68674E9B23DD038600A527E3 /* Debug */ = {
			isa = XCBuildConfiguration;
			buildSettings = {
				ASSETCATALOG_COMPILER_APPICON_NAME = AppIcon;
				CODE_SIGN_STYLE = Automatic;
				DEVELOPMENT_TEAM = 5B2H3TP95N;
				INFOPLIST_FILE = DeepRecognition/Info.plist;
				LD_RUNPATH_SEARCH_PATHS = (
					"$(inherited)",
					"@executable_path/Frameworks",
				);
				PRODUCT_BUNDLE_IDENTIFIER = KT.DeepRecognition;
				PRODUCT_NAME = "$(TARGET_NAME)";
				SWIFT_VERSION = 5.0;
				TARGETED_DEVICE_FAMILY = "1,2";
			};
			name = Debug;
		};
		68674E9C23DD038600A527E3 /* Release */ = {
			isa = XCBuildConfiguration;
			buildSettings = {
				ASSETCATALOG_COMPILER_APPICON_NAME = AppIcon;
				CODE_SIGN_STYLE = Automatic;
				DEVELOPMENT_TEAM = 5B2H3TP95N;
				INFOPLIST_FILE = DeepRecognition/Info.plist;
				LD_RUNPATH_SEARCH_PATHS = (
					"$(inherited)",
					"@executable_path/Frameworks",
				);
				PRODUCT_BUNDLE_IDENTIFIER = KT.DeepRecognition;
				PRODUCT_NAME = "$(TARGET_NAME)";
				SWIFT_VERSION = 5.0;
				TARGETED_DEVICE_FAMILY = "1,2";
			};
			name = Release;
		};
/* End XCBuildConfiguration section */

/* Begin XCConfigurationList section */
		68674E8123DD038500A527E3 /* Build configuration list for PBXProject "DeepRecognition" */ = {
			isa = XCConfigurationList;
			buildConfigurations = (
				68674E9823DD038600A527E3 /* Debug */,
				68674E9923DD038600A527E3 /* Release */,
			);
			defaultConfigurationIsVisible = 0;
			defaultConfigurationName = Release;
		};
		68674E9A23DD038600A527E3 /* Build configuration list for PBXNativeTarget "DeepRecognition" */ = {
			isa = XCConfigurationList;
			buildConfigurations = (
				68674E9B23DD038600A527E3 /* Debug */,
				68674E9C23DD038600A527E3 /* Release */,
			);
			defaultConfigurationIsVisible = 0;
			defaultConfigurationName = Release;
		};
/* End XCConfigurationList section */
	};
	rootObject = 68674E7E23DD038500A527E3 /* Project object */;
}
