// !$*UTF8*$!
{
	archiveVersion = 1;
	classes = {
	};
	objectVersion = 51;
	objects = {

/* Begin PBXBuildFile section */
		681118D823F102F5001AF201 /* TeamsView.swift in Sources */ = {isa = PBXBuildFile; fileRef = 681118D723F102F5001AF201 /* TeamsView.swift */; };
		681118DA23F11537001AF201 /* TeamCell.swift in Sources */ = {isa = PBXBuildFile; fileRef = 681118D923F11537001AF201 /* TeamCell.swift */; };
		681118DC23F11579001AF201 /* BaseCell.swift in Sources */ = {isa = PBXBuildFile; fileRef = 681118DB23F11579001AF201 /* BaseCell.swift */; };
		681118DE23F12BF6001AF201 /* MainController.swift in Sources */ = {isa = PBXBuildFile; fileRef = 681118DD23F12BF6001AF201 /* MainController.swift */; };
		6825B96723F4E74800EA2375 /* UserService.swift in Sources */ = {isa = PBXBuildFile; fileRef = 6825B96623F4E74800EA2375 /* UserService.swift */; };
		6828B9B923F9D0AC007637F2 /* SettingsManager.swift in Sources */ = {isa = PBXBuildFile; fileRef = 6828B9B823F9D0AC007637F2 /* SettingsManager.swift */; };
		6828B9BB23F9D18A007637F2 /* Setting.swift in Sources */ = {isa = PBXBuildFile; fileRef = 6828B9BA23F9D18A007637F2 /* Setting.swift */; };
		6828B9BD23F9D1AA007637F2 /* SettingsCell.swift in Sources */ = {isa = PBXBuildFile; fileRef = 6828B9BC23F9D1AA007637F2 /* SettingsCell.swift */; };
		6828B9BF23F9D5DE007637F2 /* BaseViewController.swift in Sources */ = {isa = PBXBuildFile; fileRef = 6828B9BE23F9D5DE007637F2 /* BaseViewController.swift */; };
		683177B323E4F58A008DD7EF /* SessionState.swift in Sources */ = {isa = PBXBuildFile; fileRef = 683177B223E4F58A008DD7EF /* SessionState.swift */; };
		683177B823E61516008DD7EF /* SearchView.swift in Sources */ = {isa = PBXBuildFile; fileRef = 683177B723E61516008DD7EF /* SearchView.swift */; };
		6853CDFB23F61F700077B4D9 /* TeamServiceProtocol.swift in Sources */ = {isa = PBXBuildFile; fileRef = 6853CDFA23F61F700077B4D9 /* TeamServiceProtocol.swift */; };
		6853CE0123F627FA0077B4D9 /* PagedResult.swift in Sources */ = {isa = PBXBuildFile; fileRef = 6853CE0023F627FA0077B4D9 /* PagedResult.swift */; };
		68674E8A23DD038500A527E3 /* AppDelegate.swift in Sources */ = {isa = PBXBuildFile; fileRef = 68674E8923DD038500A527E3 /* AppDelegate.swift */; };
		68674E8C23DD038500A527E3 /* SceneDelegate.swift in Sources */ = {isa = PBXBuildFile; fileRef = 68674E8B23DD038500A527E3 /* SceneDelegate.swift */; };
		68674E8E23DD038500A527E3 /* LoginViewController.swift in Sources */ = {isa = PBXBuildFile; fileRef = 68674E8D23DD038500A527E3 /* LoginViewController.swift */; };
		68674E9323DD038600A527E3 /* Assets.xcassets in Resources */ = {isa = PBXBuildFile; fileRef = 68674E9223DD038600A527E3 /* Assets.xcassets */; };
		686B8C6E23F5E5B300590307 /* AppSettings.swift in Sources */ = {isa = PBXBuildFile; fileRef = 686B8C6D23F5E5B300590307 /* AppSettings.swift */; };
		686B8C7023F5E7D200590307 /* RequestError.swift in Sources */ = {isa = PBXBuildFile; fileRef = 686B8C6F23F5E7D200590307 /* RequestError.swift */; };
		686B8C7223F5F25A00590307 /* Session.swift in Sources */ = {isa = PBXBuildFile; fileRef = 686B8C7123F5F25A00590307 /* Session.swift */; };
		686B8C7523F60B9500590307 /* AuthenticationServiceProtocol.swift in Sources */ = {isa = PBXBuildFile; fileRef = 686B8C7423F60B9500590307 /* AuthenticationServiceProtocol.swift */; };
		686B8C7723F60D4300590307 /* AuthenticationService.swift in Sources */ = {isa = PBXBuildFile; fileRef = 686B8C7623F60D4300590307 /* AuthenticationService.swift */; };
		686B8C7923F60E5A00590307 /* UserServiceProtocol.swift in Sources */ = {isa = PBXBuildFile; fileRef = 686B8C7823F60E5A00590307 /* UserServiceProtocol.swift */; };
		686B8C7B23F60F8C00590307 /* ContainerFactory.swift in Sources */ = {isa = PBXBuildFile; fileRef = 686B8C7A23F60F8C00590307 /* ContainerFactory.swift */; };
		6879F89C23F874AA001FE58B /* schema.json in Resources */ = {isa = PBXBuildFile; fileRef = 6879F89B23F874A9001FE58B /* schema.json */; };
		6879F89E23F87555001FE58B /* UserService.graphql in Resources */ = {isa = PBXBuildFile; fileRef = 6879F89D23F87555001FE58B /* UserService.graphql */; };
		6879F8A123F87E77001FE58B /* API.swift in Sources */ = {isa = PBXBuildFile; fileRef = 6879F8A023F87E77001FE58B /* API.swift */; };
		6879F8A323F88175001FE58B /* Apollo.swift in Sources */ = {isa = PBXBuildFile; fileRef = 6879F8A223F88175001FE58B /* Apollo.swift */; };
		6879F8A523F8A0A7001FE58B /* TeamService.swift in Sources */ = {isa = PBXBuildFile; fileRef = 6879F8A423F8A0A7001FE58B /* TeamService.swift */; };
		6879F8A723F8A0CE001FE58B /* TeamService.graphql in Resources */ = {isa = PBXBuildFile; fileRef = 6879F8A623F8A0CE001FE58B /* TeamService.graphql */; };
		6879F8A923F8A0F8001FE58B /* Team.swift in Sources */ = {isa = PBXBuildFile; fileRef = 6879F8A823F8A0F8001FE58B /* Team.swift */; };
		68BB321523DD24C800E22E6C /* ImageCache.swift in Sources */ = {isa = PBXBuildFile; fileRef = 68BB320423DD24C800E22E6C /* ImageCache.swift */; };
		68BB321623DD24C800E22E6C /* Colors.swift in Sources */ = {isa = PBXBuildFile; fileRef = 68BB320523DD24C800E22E6C /* Colors.swift */; };
		68BB321723DD24C800E22E6C /* LoginView.swift in Sources */ = {isa = PBXBuildFile; fileRef = 68BB320723DD24C800E22E6C /* LoginView.swift */; };
		68BB321823DD24C800E22E6C /* LaunchScreen.storyboard in Resources */ = {isa = PBXBuildFile; fileRef = 68BB320823DD24C800E22E6C /* LaunchScreen.storyboard */; };
		68BB321C23DD24C800E22E6C /* BaseView.swift in Sources */ = {isa = PBXBuildFile; fileRef = 68BB320D23DD24C800E22E6C /* BaseView.swift */; };
		68BB321D23DD24C800E22E6C /* UIView.swift in Sources */ = {isa = PBXBuildFile; fileRef = 68BB320F23DD24C800E22E6C /* UIView.swift */; };
		68BB321E23DD24C800E22E6C /* UIColor.swift in Sources */ = {isa = PBXBuildFile; fileRef = 68BB321023DD24C800E22E6C /* UIColor.swift */; };
		68BB321F23DD24C800E22E6C /* UIImageView.swift in Sources */ = {isa = PBXBuildFile; fileRef = 68BB321123DD24C800E22E6C /* UIImageView.swift */; };
		68BB322023DD24C800E22E6C /* CMTime.swift in Sources */ = {isa = PBXBuildFile; fileRef = 68BB321223DD24C800E22E6C /* CMTime.swift */; };
		68BB322A23DD417800E22E6C /* HomeView.swift in Sources */ = {isa = PBXBuildFile; fileRef = 68BB322923DD417800E22E6C /* HomeView.swift */; };
		68BB322C23DD41B700E22E6C /* HomeViewController.swift in Sources */ = {isa = PBXBuildFile; fileRef = 68BB322B23DD41B700E22E6C /* HomeViewController.swift */; };
		68BB322E23DD4A0500E22E6C /* UserProfile.swift in Sources */ = {isa = PBXBuildFile; fileRef = 68BB322D23DD4A0500E22E6C /* UserProfile.swift */; };
		CEA42A62CF33AE253A94C934 /* Pods_DeepRecognition.framework in Frameworks */ = {isa = PBXBuildFile; fileRef = C4A79F50BAA512C1E3381C21 /* Pods_DeepRecognition.framework */; };
/* End PBXBuildFile section */

/* Begin PBXCopyFilesBuildPhase section */
		68616AF123E4DDE7009BF23B /* Embed Frameworks */ = {
			isa = PBXCopyFilesBuildPhase;
			buildActionMask = 2147483647;
			dstPath = "";
			dstSubfolderSpec = 10;
			files = (
			);
			name = "Embed Frameworks";
			runOnlyForDeploymentPostprocessing = 0;
		};
/* End PBXCopyFilesBuildPhase section */

/* Begin PBXFileReference section */
		0FE297CEEFA1D6D850760A18 /* Pods-DeepRecognition.debug.xcconfig */ = {isa = PBXFileReference; includeInIndex = 1; lastKnownFileType = text.xcconfig; name = "Pods-DeepRecognition.debug.xcconfig"; path = "Target Support Files/Pods-DeepRecognition/Pods-DeepRecognition.debug.xcconfig"; sourceTree = "<group>"; };
		64123C9F3E428624CCBC4CCF /* Pods-DeepRecognition.release.xcconfig */ = {isa = PBXFileReference; includeInIndex = 1; lastKnownFileType = text.xcconfig; name = "Pods-DeepRecognition.release.xcconfig"; path = "Target Support Files/Pods-DeepRecognition/Pods-DeepRecognition.release.xcconfig"; sourceTree = "<group>"; };
		681118D723F102F5001AF201 /* TeamsView.swift */ = {isa = PBXFileReference; lastKnownFileType = sourcecode.swift; path = TeamsView.swift; sourceTree = "<group>"; };
		681118D923F11537001AF201 /* TeamCell.swift */ = {isa = PBXFileReference; lastKnownFileType = sourcecode.swift; path = TeamCell.swift; sourceTree = "<group>"; };
		681118DB23F11579001AF201 /* BaseCell.swift */ = {isa = PBXFileReference; lastKnownFileType = sourcecode.swift; path = BaseCell.swift; sourceTree = "<group>"; };
		681118DD23F12BF6001AF201 /* MainController.swift */ = {isa = PBXFileReference; lastKnownFileType = sourcecode.swift; path = MainController.swift; sourceTree = "<group>"; };
		6825B96623F4E74800EA2375 /* UserService.swift */ = {isa = PBXFileReference; lastKnownFileType = sourcecode.swift; path = UserService.swift; sourceTree = "<group>"; };
		6828B9B823F9D0AC007637F2 /* SettingsManager.swift */ = {isa = PBXFileReference; lastKnownFileType = sourcecode.swift; path = SettingsManager.swift; sourceTree = "<group>"; };
		6828B9BA23F9D18A007637F2 /* Setting.swift */ = {isa = PBXFileReference; fileEncoding = 4; lastKnownFileType = sourcecode.swift; path = Setting.swift; sourceTree = "<group>"; };
		6828B9BC23F9D1AA007637F2 /* SettingsCell.swift */ = {isa = PBXFileReference; fileEncoding = 4; lastKnownFileType = sourcecode.swift; path = SettingsCell.swift; sourceTree = "<group>"; };
		6828B9BE23F9D5DE007637F2 /* BaseViewController.swift */ = {isa = PBXFileReference; lastKnownFileType = sourcecode.swift; path = BaseViewController.swift; sourceTree = "<group>"; };
		683177B223E4F58A008DD7EF /* SessionState.swift */ = {isa = PBXFileReference; lastKnownFileType = sourcecode.swift; path = SessionState.swift; sourceTree = "<group>"; };
		683177B723E61516008DD7EF /* SearchView.swift */ = {isa = PBXFileReference; lastKnownFileType = sourcecode.swift; path = SearchView.swift; sourceTree = "<group>"; };
		6853CDFA23F61F700077B4D9 /* TeamServiceProtocol.swift */ = {isa = PBXFileReference; lastKnownFileType = sourcecode.swift; path = TeamServiceProtocol.swift; sourceTree = "<group>"; };
		6853CE0023F627FA0077B4D9 /* PagedResult.swift */ = {isa = PBXFileReference; lastKnownFileType = sourcecode.swift; path = PagedResult.swift; sourceTree = "<group>"; };
		68674E8623DD038500A527E3 /* DeepRecognition.app */ = {isa = PBXFileReference; explicitFileType = wrapper.application; includeInIndex = 0; path = DeepRecognition.app; sourceTree = BUILT_PRODUCTS_DIR; };
		68674E8923DD038500A527E3 /* AppDelegate.swift */ = {isa = PBXFileReference; lastKnownFileType = sourcecode.swift; path = AppDelegate.swift; sourceTree = "<group>"; };
		68674E8B23DD038500A527E3 /* SceneDelegate.swift */ = {isa = PBXFileReference; lastKnownFileType = sourcecode.swift; path = SceneDelegate.swift; sourceTree = "<group>"; };
		68674E8D23DD038500A527E3 /* LoginViewController.swift */ = {isa = PBXFileReference; lastKnownFileType = sourcecode.swift; path = LoginViewController.swift; sourceTree = "<group>"; };
		68674E9223DD038600A527E3 /* Assets.xcassets */ = {isa = PBXFileReference; lastKnownFileType = folder.assetcatalog; path = Assets.xcassets; sourceTree = "<group>"; };
		68674E9723DD038600A527E3 /* Info.plist */ = {isa = PBXFileReference; lastKnownFileType = text.plist.xml; path = Info.plist; sourceTree = "<group>"; };
		686B8C6D23F5E5B300590307 /* AppSettings.swift */ = {isa = PBXFileReference; lastKnownFileType = sourcecode.swift; path = AppSettings.swift; sourceTree = "<group>"; };
		686B8C6F23F5E7D200590307 /* RequestError.swift */ = {isa = PBXFileReference; lastKnownFileType = sourcecode.swift; path = RequestError.swift; sourceTree = "<group>"; };
		686B8C7123F5F25A00590307 /* Session.swift */ = {isa = PBXFileReference; lastKnownFileType = sourcecode.swift; path = Session.swift; sourceTree = "<group>"; };
		686B8C7423F60B9500590307 /* AuthenticationServiceProtocol.swift */ = {isa = PBXFileReference; lastKnownFileType = sourcecode.swift; path = AuthenticationServiceProtocol.swift; sourceTree = "<group>"; };
		686B8C7623F60D4300590307 /* AuthenticationService.swift */ = {isa = PBXFileReference; fileEncoding = 4; lastKnownFileType = sourcecode.swift; path = AuthenticationService.swift; sourceTree = "<group>"; };
		686B8C7823F60E5A00590307 /* UserServiceProtocol.swift */ = {isa = PBXFileReference; lastKnownFileType = sourcecode.swift; path = UserServiceProtocol.swift; sourceTree = "<group>"; };
		686B8C7A23F60F8C00590307 /* ContainerFactory.swift */ = {isa = PBXFileReference; lastKnownFileType = sourcecode.swift; path = ContainerFactory.swift; sourceTree = "<group>"; };
		6879F89B23F874A9001FE58B /* schema.json */ = {isa = PBXFileReference; fileEncoding = 4; lastKnownFileType = text.json; path = schema.json; sourceTree = "<group>"; };
		6879F89D23F87555001FE58B /* UserService.graphql */ = {isa = PBXFileReference; lastKnownFileType = text; path = UserService.graphql; sourceTree = "<group>"; };
		6879F8A023F87E77001FE58B /* API.swift */ = {isa = PBXFileReference; fileEncoding = 4; lastKnownFileType = sourcecode.swift; path = API.swift; sourceTree = "<group>"; };
		6879F8A223F88175001FE58B /* Apollo.swift */ = {isa = PBXFileReference; lastKnownFileType = sourcecode.swift; path = Apollo.swift; sourceTree = "<group>"; };
		6879F8A423F8A0A7001FE58B /* TeamService.swift */ = {isa = PBXFileReference; lastKnownFileType = sourcecode.swift; path = TeamService.swift; sourceTree = "<group>"; };
		6879F8A623F8A0CE001FE58B /* TeamService.graphql */ = {isa = PBXFileReference; lastKnownFileType = text; path = TeamService.graphql; sourceTree = "<group>"; };
		6879F8A823F8A0F8001FE58B /* Team.swift */ = {isa = PBXFileReference; lastKnownFileType = sourcecode.swift; path = Team.swift; sourceTree = "<group>"; };
		68BB320423DD24C800E22E6C /* ImageCache.swift */ = {isa = PBXFileReference; fileEncoding = 4; lastKnownFileType = sourcecode.swift; path = ImageCache.swift; sourceTree = "<group>"; };
		68BB320523DD24C800E22E6C /* Colors.swift */ = {isa = PBXFileReference; fileEncoding = 4; lastKnownFileType = sourcecode.swift; path = Colors.swift; sourceTree = "<group>"; };
		68BB320723DD24C800E22E6C /* LoginView.swift */ = {isa = PBXFileReference; fileEncoding = 4; lastKnownFileType = sourcecode.swift; path = LoginView.swift; sourceTree = "<group>"; };
		68BB320923DD24C800E22E6C /* Base */ = {isa = PBXFileReference; lastKnownFileType = file.storyboard; name = Base; path = Base.lproj/LaunchScreen.storyboard; sourceTree = "<group>"; };
		68BB320D23DD24C800E22E6C /* BaseView.swift */ = {isa = PBXFileReference; fileEncoding = 4; lastKnownFileType = sourcecode.swift; path = BaseView.swift; sourceTree = "<group>"; };
		68BB320F23DD24C800E22E6C /* UIView.swift */ = {isa = PBXFileReference; fileEncoding = 4; lastKnownFileType = sourcecode.swift; path = UIView.swift; sourceTree = "<group>"; };
		68BB321023DD24C800E22E6C /* UIColor.swift */ = {isa = PBXFileReference; fileEncoding = 4; lastKnownFileType = sourcecode.swift; path = UIColor.swift; sourceTree = "<group>"; };
		68BB321123DD24C800E22E6C /* UIImageView.swift */ = {isa = PBXFileReference; fileEncoding = 4; lastKnownFileType = sourcecode.swift; path = UIImageView.swift; sourceTree = "<group>"; };
		68BB321223DD24C800E22E6C /* CMTime.swift */ = {isa = PBXFileReference; fileEncoding = 4; lastKnownFileType = sourcecode.swift; path = CMTime.swift; sourceTree = "<group>"; };
		68BB322923DD417800E22E6C /* HomeView.swift */ = {isa = PBXFileReference; lastKnownFileType = sourcecode.swift; path = HomeView.swift; sourceTree = "<group>"; };
		68BB322B23DD41B700E22E6C /* HomeViewController.swift */ = {isa = PBXFileReference; lastKnownFileType = sourcecode.swift; path = HomeViewController.swift; sourceTree = "<group>"; };
		68BB322D23DD4A0500E22E6C /* UserProfile.swift */ = {isa = PBXFileReference; lastKnownFileType = sourcecode.swift; path = UserProfile.swift; sourceTree = "<group>"; };
		C4A79F50BAA512C1E3381C21 /* Pods_DeepRecognition.framework */ = {isa = PBXFileReference; explicitFileType = wrapper.framework; includeInIndex = 0; path = Pods_DeepRecognition.framework; sourceTree = BUILT_PRODUCTS_DIR; };
/* End PBXFileReference section */

/* Begin PBXFrameworksBuildPhase section */
		68674E8323DD038500A527E3 /* Frameworks */ = {
			isa = PBXFrameworksBuildPhase;
			buildActionMask = 2147483647;
			files = (
				CEA42A62CF33AE253A94C934 /* Pods_DeepRecognition.framework in Frameworks */,
			);
			runOnlyForDeploymentPostprocessing = 0;
		};
/* End PBXFrameworksBuildPhase section */

/* Begin PBXGroup section */
		0CBCBB165AF4674AFE1492F4 /* Pods */ = {
			isa = PBXGroup;
			children = (
				0FE297CEEFA1D6D850760A18 /* Pods-DeepRecognition.debug.xcconfig */,
				64123C9F3E428624CCBC4CCF /* Pods-DeepRecognition.release.xcconfig */,
			);
			path = Pods;
			sourceTree = "<group>";
		};
		6825B96523F4E6CD00EA2375 /* Services */ = {
			isa = PBXGroup;
			children = (
				6879F8A023F87E77001FE58B /* API.swift */,
				686B8C7623F60D4300590307 /* AuthenticationService.swift */,
				6879F8A623F8A0CE001FE58B /* TeamService.graphql */,
				6879F8A423F8A0A7001FE58B /* TeamService.swift */,
				6879F89D23F87555001FE58B /* UserService.graphql */,
				6825B96623F4E74800EA2375 /* UserService.swift */,
			);
			path = Services;
			sourceTree = "<group>";
		};
		6828B9C023F9D6FA007637F2 /* Managers */ = {
			isa = PBXGroup;
			children = (
				6828B9B823F9D0AC007637F2 /* SettingsManager.swift */,
			);
			path = Managers;
			sourceTree = "<group>";
		};
		683177B423E6049C008DD7EF /* Home */ = {
			isa = PBXGroup;
			children = (
				68BB322923DD417800E22E6C /* HomeView.swift */,
				683177B723E61516008DD7EF /* SearchView.swift */,
				681118D723F102F5001AF201 /* TeamsView.swift */,
				681118D923F11537001AF201 /* TeamCell.swift */,
			);
			path = Home;
			sourceTree = "<group>";
		};
		6853CDF123F61A430077B4D9 /* Infrastructure */ = {
			isa = PBXGroup;
			children = (
				6879F8A223F88175001FE58B /* Apollo.swift */,
				686B8C7A23F60F8C00590307 /* ContainerFactory.swift */,
				68BB320423DD24C800E22E6C /* ImageCache.swift */,
				686B8C7123F5F25A00590307 /* Session.swift */,
			);
			path = Infrastructure;
			sourceTree = "<group>";
		};
		6853CE0623F62FC30077B4D9 /* Metadata */ = {
			isa = PBXGroup;
			children = (
				6853CE0023F627FA0077B4D9 /* PagedResult.swift */,
			);
			path = Metadata;
			sourceTree = "<group>";
		};
		68674E7D23DD038500A527E3 = {
			isa = PBXGroup;
			children = (
				68674E8823DD038500A527E3 /* DeepRecognition */,
				68674E8723DD038500A527E3 /* Products */,
				68BB31E823DD1BFE00E22E6C /* Frameworks */,
				0CBCBB165AF4674AFE1492F4 /* Pods */,
			);
			sourceTree = "<group>";
		};
		68674E8723DD038500A527E3 /* Products */ = {
			isa = PBXGroup;
			children = (
				68674E8623DD038500A527E3 /* DeepRecognition.app */,
			);
			name = Products;
			sourceTree = "<group>";
		};
		68674E8823DD038500A527E3 /* DeepRecognition */ = {
			isa = PBXGroup;
			children = (
				68BB321323DD24C800E22E6C /* Models */,
				68BB320623DD24C800E22E6C /* Views */,
				68BB31FC23DD233200E22E6C /* Controllers */,
				68BB320E23DD24C800E22E6C /* Extensions */,
				686B8C7323F60B2C00590307 /* Protocols */,
				6853CDF123F61A430077B4D9 /* Infrastructure */,
				6825B96523F4E6CD00EA2375 /* Services */,
				68BB320323DD24C800E22E6C /* Utilities */,
				68674E9223DD038600A527E3 /* Assets.xcassets */,
				68674E8923DD038500A527E3 /* AppDelegate.swift */,
				686B8C6D23F5E5B300590307 /* AppSettings.swift */,
				68674E8B23DD038500A527E3 /* SceneDelegate.swift */,
				6879F89B23F874A9001FE58B /* schema.json */,
				68674E9723DD038600A527E3 /* Info.plist */,
			);
			path = DeepRecognition;
			sourceTree = "<group>";
		};
		686B8C7323F60B2C00590307 /* Protocols */ = {
			isa = PBXGroup;
			children = (
				686B8C7423F60B9500590307 /* AuthenticationServiceProtocol.swift */,
				6853CDFA23F61F700077B4D9 /* TeamServiceProtocol.swift */,
				686B8C7823F60E5A00590307 /* UserServiceProtocol.swift */,
			);
			path = Protocols;
			sourceTree = "<group>";
		};
		68BB31E823DD1BFE00E22E6C /* Frameworks */ = {
			isa = PBXGroup;
			children = (
				C4A79F50BAA512C1E3381C21 /* Pods_DeepRecognition.framework */,
			);
			name = Frameworks;
			sourceTree = "<group>";
		};
		68BB31FC23DD233200E22E6C /* Controllers */ = {
			isa = PBXGroup;
			children = (
				6828B9C023F9D6FA007637F2 /* Managers */,
				6828B9BE23F9D5DE007637F2 /* BaseViewController.swift */,
				68BB322B23DD41B700E22E6C /* HomeViewController.swift */,
				68674E8D23DD038500A527E3 /* LoginViewController.swift */,
				681118DD23F12BF6001AF201 /* MainController.swift */,
			);
			path = Controllers;
			sourceTree = "<group>";
		};
		68BB320323DD24C800E22E6C /* Utilities */ = {
			isa = PBXGroup;
			children = (
				68BB320523DD24C800E22E6C /* Colors.swift */,
			);
			path = Utilities;
			sourceTree = "<group>";
		};
		68BB320623DD24C800E22E6C /* Views */ = {
			isa = PBXGroup;
			children = (
				683177B423E6049C008DD7EF /* Home */,
				68BB320823DD24C800E22E6C /* LaunchScreen.storyboard */,
				681118DB23F11579001AF201 /* BaseCell.swift */,
				68BB320D23DD24C800E22E6C /* BaseView.swift */,
				68BB320723DD24C800E22E6C /* LoginView.swift */,
				6828B9BC23F9D1AA007637F2 /* SettingsCell.swift */,
			);
			path = Views;
			sourceTree = "<group>";
		};
		68BB320E23DD24C800E22E6C /* Extensions */ = {
			isa = PBXGroup;
			children = (
				68BB320F23DD24C800E22E6C /* UIView.swift */,
				68BB321023DD24C800E22E6C /* UIColor.swift */,
				68BB321123DD24C800E22E6C /* UIImageView.swift */,
				68BB321223DD24C800E22E6C /* CMTime.swift */,
			);
			path = Extensions;
			sourceTree = "<group>";
		};
		68BB321323DD24C800E22E6C /* Models */ = {
			isa = PBXGroup;
			children = (
				6853CE0623F62FC30077B4D9 /* Metadata */,
				686B8C6F23F5E7D200590307 /* RequestError.swift */,
				683177B223E4F58A008DD7EF /* SessionState.swift */,
				6828B9BA23F9D18A007637F2 /* Setting.swift */,
				6879F8A823F8A0F8001FE58B /* Team.swift */,
				68BB322D23DD4A0500E22E6C /* UserProfile.swift */,
			);
			path = Models;
			sourceTree = "<group>";
		};
/* End PBXGroup section */

/* Begin PBXNativeTarget section */
		68674E8523DD038500A527E3 /* DeepRecognition */ = {
			isa = PBXNativeTarget;
			buildConfigurationList = 68674E9A23DD038600A527E3 /* Build configuration list for PBXNativeTarget "DeepRecognition" */;
			buildPhases = (
				76988B7E64391B83950B31DE /* [CP] Check Pods Manifest.lock */,
				6879F89F23F87D43001FE58B /* Generate Apollo GraphQL API */,
				68674E8223DD038500A527E3 /* Sources */,
				68674E8323DD038500A527E3 /* Frameworks */,
				68674E8423DD038500A527E3 /* Resources */,
				68616AF123E4DDE7009BF23B /* Embed Frameworks */,
				1A306F4156E5D1EEF096AB7C /* [CP] Embed Pods Frameworks */,
			);
			buildRules = (
			);
			dependencies = (
			);
			name = DeepRecognition;
			productName = DeepRecognition;
			productReference = 68674E8623DD038500A527E3 /* DeepRecognition.app */;
			productType = "com.apple.product-type.application";
		};
/* End PBXNativeTarget section */

/* Begin PBXProject section */
		68674E7E23DD038500A527E3 /* Project object */ = {
			isa = PBXProject;
			attributes = {
				LastSwiftUpdateCheck = 1130;
				LastUpgradeCheck = 1130;
				ORGANIZATIONNAME = "Kyle Thompson";
				TargetAttributes = {
					68674E8523DD038500A527E3 = {
						CreatedOnToolsVersion = 11.3.1;
					};
				};
			};
			buildConfigurationList = 68674E8123DD038500A527E3 /* Build configuration list for PBXProject "DeepRecognition" */;
			compatibilityVersion = "Xcode 9.3";
			developmentRegion = en;
			hasScannedForEncodings = 0;
			knownRegions = (
				en,
				Base,
			);
			mainGroup = 68674E7D23DD038500A527E3;
			productRefGroup = 68674E8723DD038500A527E3 /* Products */;
			projectDirPath = "";
			projectRoot = "";
			targets = (
				68674E8523DD038500A527E3 /* DeepRecognition */,
			);
		};
/* End PBXProject section */

/* Begin PBXResourcesBuildPhase section */
		68674E8423DD038500A527E3 /* Resources */ = {
			isa = PBXResourcesBuildPhase;
			buildActionMask = 2147483647;
			files = (
				6879F89E23F87555001FE58B /* UserService.graphql in Resources */,
				68BB321823DD24C800E22E6C /* LaunchScreen.storyboard in Resources */,
				6879F8A723F8A0CE001FE58B /* TeamService.graphql in Resources */,
				6879F89C23F874AA001FE58B /* schema.json in Resources */,
				68674E9323DD038600A527E3 /* Assets.xcassets in Resources */,
			);
			runOnlyForDeploymentPostprocessing = 0;
		};
/* End PBXResourcesBuildPhase section */

/* Begin PBXShellScriptBuildPhase section */
		1A306F4156E5D1EEF096AB7C /* [CP] Embed Pods Frameworks */ = {
			isa = PBXShellScriptBuildPhase;
			buildActionMask = 2147483647;
			files = (
			);
			inputFileListPaths = (
				"${PODS_ROOT}/Target Support Files/Pods-DeepRecognition/Pods-DeepRecognition-frameworks-${CONFIGURATION}-input-files.xcfilelist",
			);
			name = "[CP] Embed Pods Frameworks";
			outputFileListPaths = (
				"${PODS_ROOT}/Target Support Files/Pods-DeepRecognition/Pods-DeepRecognition-frameworks-${CONFIGURATION}-output-files.xcfilelist",
			);
			runOnlyForDeploymentPostprocessing = 0;
			shellPath = /bin/sh;
			shellScript = "\"${PODS_ROOT}/Target Support Files/Pods-DeepRecognition/Pods-DeepRecognition-frameworks.sh\"\n";
			showEnvVarsInLog = 0;
		};
		6879F89F23F87D43001FE58B /* Generate Apollo GraphQL API */ = {
			isa = PBXShellScriptBuildPhase;
			buildActionMask = 2147483647;
			files = (
			);
			inputFileListPaths = (
			);
			inputPaths = (
			);
			name = "Generate Apollo GraphQL API";
			outputFileListPaths = (
			);
			outputPaths = (
			);
			runOnlyForDeploymentPostprocessing = 0;
			shellPath = /bin/sh;
			shellScript = "SCRIPT_PATH=\"${PODS_ROOT}/Apollo/scripts\"\ncd \"${SRCROOT}/${TARGET_NAME}\"\n\"${SCRIPT_PATH}\"/run-bundled-codegen.sh codegen:generate --target=swift --includes=./**/*.graphql --localSchemaFile=\"schema.json\" ./Services/API.swift\n";
		};
		76988B7E64391B83950B31DE /* [CP] Check Pods Manifest.lock */ = {
			isa = PBXShellScriptBuildPhase;
			buildActionMask = 2147483647;
			files = (
			);
			inputFileListPaths = (
			);
			inputPaths = (
				"${PODS_PODFILE_DIR_PATH}/Podfile.lock",
				"${PODS_ROOT}/Manifest.lock",
			);
			name = "[CP] Check Pods Manifest.lock";
			outputFileListPaths = (
			);
			outputPaths = (
				"$(DERIVED_FILE_DIR)/Pods-DeepRecognition-checkManifestLockResult.txt",
			);
			runOnlyForDeploymentPostprocessing = 0;
			shellPath = /bin/sh;
			shellScript = "diff \"${PODS_PODFILE_DIR_PATH}/Podfile.lock\" \"${PODS_ROOT}/Manifest.lock\" > /dev/null\nif [ $? != 0 ] ; then\n    # print error to STDERR\n    echo \"error: The sandbox is not in sync with the Podfile.lock. Run 'pod install' or update your CocoaPods installation.\" >&2\n    exit 1\nfi\n# This output is used by Xcode 'outputs' to avoid re-running this script phase.\necho \"SUCCESS\" > \"${SCRIPT_OUTPUT_FILE_0}\"\n";
			showEnvVarsInLog = 0;
		};
/* End PBXShellScriptBuildPhase section */

/* Begin PBXSourcesBuildPhase section */
		68674E8223DD038500A527E3 /* Sources */ = {
			isa = PBXSourcesBuildPhase;
			buildActionMask = 2147483647;
			files = (
				68BB321623DD24C800E22E6C /* Colors.swift in Sources */,
				683177B823E61516008DD7EF /* SearchView.swift in Sources */,
				68674E8E23DD038500A527E3 /* LoginViewController.swift in Sources */,
				686B8C7223F5F25A00590307 /* Session.swift in Sources */,
				6828B9BD23F9D1AA007637F2 /* SettingsCell.swift in Sources */,
				681118DC23F11579001AF201 /* BaseCell.swift in Sources */,
				68BB322C23DD41B700E22E6C /* HomeViewController.swift in Sources */,
				68BB321523DD24C800E22E6C /* ImageCache.swift in Sources */,
				6825B96723F4E74800EA2375 /* UserService.swift in Sources */,
				68BB321E23DD24C800E22E6C /* UIColor.swift in Sources */,
				68674E8A23DD038500A527E3 /* AppDelegate.swift in Sources */,
				683177B323E4F58A008DD7EF /* SessionState.swift in Sources */,
				686B8C7023F5E7D200590307 /* RequestError.swift in Sources */,
				686B8C7723F60D4300590307 /* AuthenticationService.swift in Sources */,
				68BB322E23DD4A0500E22E6C /* UserProfile.swift in Sources */,
				6879F8A523F8A0A7001FE58B /* TeamService.swift in Sources */,
				686B8C7923F60E5A00590307 /* UserServiceProtocol.swift in Sources */,
				6853CE0123F627FA0077B4D9 /* PagedResult.swift in Sources */,
				68674E8C23DD038500A527E3 /* SceneDelegate.swift in Sources */,
				68BB321723DD24C800E22E6C /* LoginView.swift in Sources */,
				686B8C7523F60B9500590307 /* AuthenticationServiceProtocol.swift in Sources */,
				681118D823F102F5001AF201 /* TeamsView.swift in Sources */,
				6879F8A923F8A0F8001FE58B /* Team.swift in Sources */,
				6828B9BF23F9D5DE007637F2 /* BaseViewController.swift in Sources */,
				6879F8A323F88175001FE58B /* Apollo.swift in Sources */,
				6828B9B923F9D0AC007637F2 /* SettingsManager.swift in Sources */,
				6853CDFB23F61F700077B4D9 /* TeamServiceProtocol.swift in Sources */,
				68BB321D23DD24C800E22E6C /* UIView.swift in Sources */,
				6828B9BB23F9D18A007637F2 /* Setting.swift in Sources */,
				68BB321C23DD24C800E22E6C /* BaseView.swift in Sources */,
				681118DA23F11537001AF201 /* TeamCell.swift in Sources */,
				68BB321F23DD24C800E22E6C /* UIImageView.swift in Sources */,
				681118DE23F12BF6001AF201 /* MainController.swift in Sources */,
				68BB322023DD24C800E22E6C /* CMTime.swift in Sources */,
				68BB322A23DD417800E22E6C /* HomeView.swift in Sources */,
				686B8C7B23F60F8C00590307 /* ContainerFactory.swift in Sources */,
				686B8C6E23F5E5B300590307 /* AppSettings.swift in Sources */,
				6879F8A123F87E77001FE58B /* API.swift in Sources */,
			);
			runOnlyForDeploymentPostprocessing = 0;
		};
/* End PBXSourcesBuildPhase section */

/* Begin PBXVariantGroup section */
		68BB320823DD24C800E22E6C /* LaunchScreen.storyboard */ = {
			isa = PBXVariantGroup;
			children = (
				68BB320923DD24C800E22E6C /* Base */,
			);
			name = LaunchScreen.storyboard;
			sourceTree = "<group>";
		};
/* End PBXVariantGroup section */

/* Begin XCBuildConfiguration section */
		68674E9823DD038600A527E3 /* Debug */ = {
			isa = XCBuildConfiguration;
			buildSettings = {
				ALWAYS_SEARCH_USER_PATHS = NO;
				CLANG_ANALYZER_NONNULL = YES;
				CLANG_ANALYZER_NUMBER_OBJECT_CONVERSION = YES_AGGRESSIVE;
				CLANG_CXX_LANGUAGE_STANDARD = "gnu++14";
				CLANG_CXX_LIBRARY = "libc++";
				CLANG_ENABLE_MODULES = YES;
				CLANG_ENABLE_OBJC_ARC = YES;
				CLANG_ENABLE_OBJC_WEAK = YES;
				CLANG_WARN_BLOCK_CAPTURE_AUTORELEASING = YES;
				CLANG_WARN_BOOL_CONVERSION = YES;
				CLANG_WARN_COMMA = YES;
				CLANG_WARN_CONSTANT_CONVERSION = YES;
				CLANG_WARN_DEPRECATED_OBJC_IMPLEMENTATIONS = YES;
				CLANG_WARN_DIRECT_OBJC_ISA_USAGE = YES_ERROR;
				CLANG_WARN_DOCUMENTATION_COMMENTS = YES;
				CLANG_WARN_EMPTY_BODY = YES;
				CLANG_WARN_ENUM_CONVERSION = YES;
				CLANG_WARN_INFINITE_RECURSION = YES;
				CLANG_WARN_INT_CONVERSION = YES;
				CLANG_WARN_NON_LITERAL_NULL_CONVERSION = YES;
				CLANG_WARN_OBJC_IMPLICIT_RETAIN_SELF = YES;
				CLANG_WARN_OBJC_LITERAL_CONVERSION = YES;
				CLANG_WARN_OBJC_ROOT_CLASS = YES_ERROR;
				CLANG_WARN_RANGE_LOOP_ANALYSIS = YES;
				CLANG_WARN_STRICT_PROTOTYPES = YES;
				CLANG_WARN_SUSPICIOUS_MOVE = YES;
				CLANG_WARN_UNGUARDED_AVAILABILITY = YES_AGGRESSIVE;
				CLANG_WARN_UNREACHABLE_CODE = YES;
				CLANG_WARN__DUPLICATE_METHOD_MATCH = YES;
				COPY_PHASE_STRIP = NO;
				DEBUG_INFORMATION_FORMAT = dwarf;
				ENABLE_STRICT_OBJC_MSGSEND = YES;
				ENABLE_TESTABILITY = YES;
				GCC_C_LANGUAGE_STANDARD = gnu11;
				GCC_DYNAMIC_NO_PIC = NO;
				GCC_NO_COMMON_BLOCKS = YES;
				GCC_OPTIMIZATION_LEVEL = 0;
				GCC_PREPROCESSOR_DEFINITIONS = (
					"DEBUG=1",
					"$(inherited)",
				);
				GCC_WARN_64_TO_32_BIT_CONVERSION = YES;
				GCC_WARN_ABOUT_RETURN_TYPE = YES_ERROR;
				GCC_WARN_UNDECLARED_SELECTOR = YES;
				GCC_WARN_UNINITIALIZED_AUTOS = YES_AGGRESSIVE;
				GCC_WARN_UNUSED_FUNCTION = YES;
				GCC_WARN_UNUSED_VARIABLE = YES;
				IPHONEOS_DEPLOYMENT_TARGET = 13.2;
				MTL_ENABLE_DEBUG_INFO = INCLUDE_SOURCE;
				MTL_FAST_MATH = YES;
				ONLY_ACTIVE_ARCH = YES;
				SDKROOT = iphoneos;
				SWIFT_ACTIVE_COMPILATION_CONDITIONS = DEBUG;
				SWIFT_OPTIMIZATION_LEVEL = "-Onone";
			};
			name = Debug;
		};
		68674E9923DD038600A527E3 /* Release */ = {
			isa = XCBuildConfiguration;
			buildSettings = {
				ALWAYS_SEARCH_USER_PATHS = NO;
				CLANG_ANALYZER_NONNULL = YES;
				CLANG_ANALYZER_NUMBER_OBJECT_CONVERSION = YES_AGGRESSIVE;
				CLANG_CXX_LANGUAGE_STANDARD = "gnu++14";
				CLANG_CXX_LIBRARY = "libc++";
				CLANG_ENABLE_MODULES = YES;
				CLANG_ENABLE_OBJC_ARC = YES;
				CLANG_ENABLE_OBJC_WEAK = YES;
				CLANG_WARN_BLOCK_CAPTURE_AUTORELEASING = YES;
				CLANG_WARN_BOOL_CONVERSION = YES;
				CLANG_WARN_COMMA = YES;
				CLANG_WARN_CONSTANT_CONVERSION = YES;
				CLANG_WARN_DEPRECATED_OBJC_IMPLEMENTATIONS = YES;
				CLANG_WARN_DIRECT_OBJC_ISA_USAGE = YES_ERROR;
				CLANG_WARN_DOCUMENTATION_COMMENTS = YES;
				CLANG_WARN_EMPTY_BODY = YES;
				CLANG_WARN_ENUM_CONVERSION = YES;
				CLANG_WARN_INFINITE_RECURSION = YES;
				CLANG_WARN_INT_CONVERSION = YES;
				CLANG_WARN_NON_LITERAL_NULL_CONVERSION = YES;
				CLANG_WARN_OBJC_IMPLICIT_RETAIN_SELF = YES;
				CLANG_WARN_OBJC_LITERAL_CONVERSION = YES;
				CLANG_WARN_OBJC_ROOT_CLASS = YES_ERROR;
				CLANG_WARN_RANGE_LOOP_ANALYSIS = YES;
				CLANG_WARN_STRICT_PROTOTYPES = YES;
				CLANG_WARN_SUSPICIOUS_MOVE = YES;
				CLANG_WARN_UNGUARDED_AVAILABILITY = YES_AGGRESSIVE;
				CLANG_WARN_UNREACHABLE_CODE = YES;
				CLANG_WARN__DUPLICATE_METHOD_MATCH = YES;
				COPY_PHASE_STRIP = NO;
				DEBUG_INFORMATION_FORMAT = "dwarf-with-dsym";
				ENABLE_NS_ASSERTIONS = NO;
				ENABLE_STRICT_OBJC_MSGSEND = YES;
				GCC_C_LANGUAGE_STANDARD = gnu11;
				GCC_NO_COMMON_BLOCKS = YES;
				GCC_WARN_64_TO_32_BIT_CONVERSION = YES;
				GCC_WARN_ABOUT_RETURN_TYPE = YES_ERROR;
				GCC_WARN_UNDECLARED_SELECTOR = YES;
				GCC_WARN_UNINITIALIZED_AUTOS = YES_AGGRESSIVE;
				GCC_WARN_UNUSED_FUNCTION = YES;
				GCC_WARN_UNUSED_VARIABLE = YES;
				IPHONEOS_DEPLOYMENT_TARGET = 13.2;
				MTL_ENABLE_DEBUG_INFO = NO;
				MTL_FAST_MATH = YES;
				SDKROOT = iphoneos;
				SWIFT_COMPILATION_MODE = wholemodule;
				SWIFT_OPTIMIZATION_LEVEL = "-O";
				VALIDATE_PRODUCT = YES;
			};
			name = Release;
		};
		68674E9B23DD038600A527E3 /* Debug */ = {
			isa = XCBuildConfiguration;
			baseConfigurationReference = 0FE297CEEFA1D6D850760A18 /* Pods-DeepRecognition.debug.xcconfig */;
			buildSettings = {
				ASSETCATALOG_COMPILER_APPICON_NAME = AppIcon;
				CODE_SIGN_IDENTITY = "Apple Development";
				CODE_SIGN_STYLE = Automatic;
				DEVELOPMENT_TEAM = 5B2H3TP95N;
				INFOPLIST_FILE = DeepRecognition/Info.plist;
				LD_RUNPATH_SEARCH_PATHS = (
					"$(inherited)",
					"@executable_path/Frameworks",
				);
				PRODUCT_BUNDLE_IDENTIFIER = KT.DeepRecognition;
				PRODUCT_NAME = "$(TARGET_NAME)";
				PROVISIONING_PROFILE_SPECIFIER = "";
				SWIFT_INSTALL_OBJC_HEADER = YES;
				SWIFT_VERSION = 5.0;
				TARGETED_DEVICE_FAMILY = "1,2";
			};
			name = Debug;
		};
		68674E9C23DD038600A527E3 /* Release */ = {
			isa = XCBuildConfiguration;
			baseConfigurationReference = 64123C9F3E428624CCBC4CCF /* Pods-DeepRecognition.release.xcconfig */;
			buildSettings = {
				ASSETCATALOG_COMPILER_APPICON_NAME = AppIcon;
				CODE_SIGN_IDENTITY = "Apple Development";
				CODE_SIGN_STYLE = Automatic;
				DEVELOPMENT_TEAM = 5B2H3TP95N;
				INFOPLIST_FILE = DeepRecognition/Info.plist;
				LD_RUNPATH_SEARCH_PATHS = (
					"$(inherited)",
					"@executable_path/Frameworks",
				);
				PRODUCT_BUNDLE_IDENTIFIER = KT.DeepRecognition;
				PRODUCT_NAME = "$(TARGET_NAME)";
				PROVISIONING_PROFILE_SPECIFIER = "";
				SWIFT_INSTALL_OBJC_HEADER = YES;
				SWIFT_VERSION = 5.0;
				TARGETED_DEVICE_FAMILY = "1,2";
			};
			name = Release;
		};
/* End XCBuildConfiguration section */

/* Begin XCConfigurationList section */
		68674E8123DD038500A527E3 /* Build configuration list for PBXProject "DeepRecognition" */ = {
			isa = XCConfigurationList;
			buildConfigurations = (
				68674E9823DD038600A527E3 /* Debug */,
				68674E9923DD038600A527E3 /* Release */,
			);
			defaultConfigurationIsVisible = 0;
			defaultConfigurationName = Release;
		};
		68674E9A23DD038600A527E3 /* Build configuration list for PBXNativeTarget "DeepRecognition" */ = {
			isa = XCConfigurationList;
			buildConfigurations = (
				68674E9B23DD038600A527E3 /* Debug */,
				68674E9C23DD038600A527E3 /* Release */,
			);
			defaultConfigurationIsVisible = 0;
			defaultConfigurationName = Release;
		};
/* End XCConfigurationList section */
	};
	rootObject = 68674E7E23DD038500A527E3 /* Project object */;
}
